
Microsoft Visual Studio Solution File, Format Version 12.00
# Visual Studio Version 17
VisualStudioVersion = 17.11.35327.3
MinimumVisualStudioVersion = 10.0.40219.1
Project("{2150E333-8FDC-42A3-9474-1A3956D46DE8}") = "Services", "Services", "{F94DAAC6-DFE7-43CF-8577-57A361FDC031}"
EndProject
Project("{2150E333-8FDC-42A3-9474-1A3956D46DE8}") = "Catalog", "Catalog", "{5FE7487C-C3D9-4129-B23B-95E44E6FF597}"
EndProject
Project("{FAE04EC0-301F-11D3-BF4B-00C04F79EFBC}") = "Catalog.API", "Services\Catalog\Catalog.API\Catalog.API.csproj", "{334D3D11-46FC-433E-8F9F-8CCD7D53882F}"
EndProject
Project("{2150E333-8FDC-42A3-9474-1A3956D46DE8}") = "BuildingBlocks", "BuildingBlocks", "{F9D730D5-8DDF-4DE9-86D9-338E27B87994}"
EndProject
Project("{FAE04EC0-301F-11D3-BF4B-00C04F79EFBC}") = "BuildingBlocks", "BuildingBlocks\BuildingBlocks\BuildingBlocks.csproj", "{8AB5349C-8A05-4EE9-84BA-2960AB2DB4FB}"
EndProject
Project("{E53339B2-1760-4266-BCC7-CA923CBCF16C}") = "docker-compose", "docker-compose.dcproj", "{81DDED9D-158B-E303-5F62-77A2896D2A5A}"
EndProject
Global
	GlobalSection(SolutionConfigurationPlatforms) = preSolution
		Debug|Any CPU = Debug|Any CPU
		Release|Any CPU = Release|Any CPU
	EndGlobalSection
	GlobalSection(ProjectConfigurationPlatforms) = postSolution
		{334D3D11-46FC-433E-8F9F-8CCD7D53882F}.Debug|Any CPU.ActiveCfg = Debug|Any CPU
		{334D3D11-46FC-433E-8F9F-8CCD7D53882F}.Debug|Any CPU.Build.0 = Debug|Any CPU
		{334D3D11-46FC-433E-8F9F-8CCD7D53882F}.Release|Any CPU.ActiveCfg = Release|Any CPU
		{334D3D11-46FC-433E-8F9F-8CCD7D53882F}.Release|Any CPU.Build.0 = Release|Any CPU
		{8AB5349C-8A05-4EE9-84BA-2960AB2DB4FB}.Debug|Any CPU.ActiveCfg = Debug|Any CPU
		{8AB5349C-8A05-4EE9-84BA-2960AB2DB4FB}.Debug|Any CPU.Build.0 = Debug|Any CPU
		{8AB5349C-8A05-4EE9-84BA-2960AB2DB4FB}.Release|Any CPU.ActiveCfg = Release|Any CPU
		{8AB5349C-8A05-4EE9-84BA-2960AB2DB4FB}.Release|Any CPU.Build.0 = Release|Any CPU
		{81DDED9D-158B-E303-5F62-77A2896D2A5A}.Debug|Any CPU.ActiveCfg = Debug|Any CPU
		{81DDED9D-158B-E303-5F62-77A2896D2A5A}.Debug|Any CPU.Build.0 = Debug|Any CPU
		{81DDED9D-158B-E303-5F62-77A2896D2A5A}.Release|Any CPU.ActiveCfg = Release|Any CPU
		{81DDED9D-158B-E303-5F62-77A2896D2A5A}.Release|Any CPU.Build.0 = Release|Any CPU
	EndGlobalSection
	GlobalSection(SolutionProperties) = preSolution
		HideSolutionNode = FALSE
	EndGlobalSection
	GlobalSection(NestedProjects) = preSolution
		{5FE7487C-C3D9-4129-B23B-95E44E6FF597} = {F94DAAC6-DFE7-43CF-8577-57A361FDC031}
		{334D3D11-46FC-433E-8F9F-8CCD7D53882F} = {5FE7487C-C3D9-4129-B23B-95E44E6FF597}
		{8AB5349C-8A05-4EE9-84BA-2960AB2DB4FB} = {F9D730D5-8DDF-4DE9-86D9-338E27B87994}
	EndGlobalSection
	GlobalSection(ExtensibilityGlobals) = postSolution
		SolutionGuid = {15BB9F40-317C-435A-8D97-1E9C3D8F051C}
	EndGlobalSection
EndGlobal
